// !$*UTF8*$!
{
	archiveVersion = 1;
	classes = {
	};
	objectVersion = 56;
	objects = {

/* Begin PBXBuildFile section */
		BD337A732A784023006735DC /* BeewareApp.swift in Sources */ = {isa = PBXBuildFile; fileRef = BD337A722A784023006735DC /* BeewareApp.swift */; };
		BD337A752A784023006735DC /* ContentView.swift in Sources */ = {isa = PBXBuildFile; fileRef = BD337A742A784023006735DC /* ContentView.swift */; };
		BD337A772A784024006735DC /* Assets.xcassets in Resources */ = {isa = PBXBuildFile; fileRef = BD337A762A784024006735DC /* Assets.xcassets */; };
		BD337A7B2A784024006735DC /* Preview Assets.xcassets in Resources */ = {isa = PBXBuildFile; fileRef = BD337A7A2A784024006735DC /* Preview Assets.xcassets */; };
		BD337A852A784025006735DC /* BeewareTests.swift in Sources */ = {isa = PBXBuildFile; fileRef = BD337A842A784025006735DC /* BeewareTests.swift */; };
		BD337A8F2A784025006735DC /* BeewareUITests.swift in Sources */ = {isa = PBXBuildFile; fileRef = BD337A8E2A784025006735DC /* BeewareUITests.swift */; };
		BD337A912A784025006735DC /* BeewareUITestsLaunchTests.swift in Sources */ = {isa = PBXBuildFile; fileRef = BD337A902A784025006735DC /* BeewareUITestsLaunchTests.swift */; };
		BD7BF0ED2A7983E70004A88A /* Handbook.swift in Sources */ = {isa = PBXBuildFile; fileRef = BD7BF0EC2A7983E70004A88A /* Handbook.swift */; };
		BD7BF0EF2A7991960004A88A /* Map.swift in Sources */ = {isa = PBXBuildFile; fileRef = BD7BF0EE2A7991960004A88A /* Map.swift */; };
		BD7BF0F12A7991A50004A88A /* Games.swift in Sources */ = {isa = PBXBuildFile; fileRef = BD7BF0F02A7991A50004A88A /* Games.swift */; };
/* End PBXBuildFile section */

/* Begin PBXContainerItemProxy section */
		BD337A812A784025006735DC /* PBXContainerItemProxy */ = {
			isa = PBXContainerItemProxy;
			containerPortal = BD337A672A784023006735DC /* Project object */;
			proxyType = 1;
			remoteGlobalIDString = BD337A6E2A784023006735DC;
			remoteInfo = Beeware;
		};
		BD337A8B2A784025006735DC /* PBXContainerItemProxy */ = {
			isa = PBXContainerItemProxy;
			containerPortal = BD337A672A784023006735DC /* Project object */;
			proxyType = 1;
			remoteGlobalIDString = BD337A6E2A784023006735DC;
			remoteInfo = Beeware;
		};
/* End PBXContainerItemProxy section */

/* Begin PBXFileReference section */
		BD337A6F2A784023006735DC /* Beeware.app */ = {isa = PBXFileReference; explicitFileType = wrapper.application; includeInIndex = 0; path = Beeware.app; sourceTree = BUILT_PRODUCTS_DIR; };
		BD337A722A784023006735DC /* BeewareApp.swift */ = {isa = PBXFileReference; lastKnownFileType = sourcecode.swift; path = BeewareApp.swift; sourceTree = "<group>"; };
		BD337A742A784023006735DC /* ContentView.swift */ = {isa = PBXFileReference; lastKnownFileType = sourcecode.swift; path = ContentView.swift; sourceTree = "<group>"; };
		BD337A762A784024006735DC /* Assets.xcassets */ = {isa = PBXFileReference; lastKnownFileType = folder.assetcatalog; path = Assets.xcassets; sourceTree = "<group>"; };
		BD337A782A784024006735DC /* Beeware.entitlements */ = {isa = PBXFileReference; lastKnownFileType = text.plist.entitlements; path = Beeware.entitlements; sourceTree = "<group>"; };
		BD337A7A2A784024006735DC /* Preview Assets.xcassets */ = {isa = PBXFileReference; lastKnownFileType = folder.assetcatalog; path = "Preview Assets.xcassets"; sourceTree = "<group>"; };
		BD337A802A784025006735DC /* BeewareTests.xctest */ = {isa = PBXFileReference; explicitFileType = wrapper.cfbundle; includeInIndex = 0; path = BeewareTests.xctest; sourceTree = BUILT_PRODUCTS_DIR; };
		BD337A842A784025006735DC /* BeewareTests.swift */ = {isa = PBXFileReference; lastKnownFileType = sourcecode.swift; path = BeewareTests.swift; sourceTree = "<group>"; };
		BD337A8A2A784025006735DC /* BeewareUITests.xctest */ = {isa = PBXFileReference; explicitFileType = wrapper.cfbundle; includeInIndex = 0; path = BeewareUITests.xctest; sourceTree = BUILT_PRODUCTS_DIR; };
		BD337A8E2A784025006735DC /* BeewareUITests.swift */ = {isa = PBXFileReference; lastKnownFileType = sourcecode.swift; path = BeewareUITests.swift; sourceTree = "<group>"; };
		BD337A902A784025006735DC /* BeewareUITestsLaunchTests.swift */ = {isa = PBXFileReference; lastKnownFileType = sourcecode.swift; path = BeewareUITestsLaunchTests.swift; sourceTree = "<group>"; };
		BD7BF0EC2A7983E70004A88A /* Handbook.swift */ = {isa = PBXFileReference; lastKnownFileType = sourcecode.swift; path = Handbook.swift; sourceTree = "<group>"; };
		BD7BF0EE2A7991960004A88A /* Map.swift */ = {isa = PBXFileReference; lastKnownFileType = sourcecode.swift; path = Map.swift; sourceTree = "<group>"; };
		BD7BF0F02A7991A50004A88A /* Games.swift */ = {isa = PBXFileReference; lastKnownFileType = sourcecode.swift; path = Games.swift; sourceTree = "<group>"; };
/* End PBXFileReference section */

/* Begin PBXFrameworksBuildPhase section */
		BD337A6C2A784023006735DC /* Frameworks */ = {
			isa = PBXFrameworksBuildPhase;
			buildActionMask = 2147483647;
			files = (
			);
			runOnlyForDeploymentPostprocessing = 0;
		};
		BD337A7D2A784025006735DC /* Frameworks */ = {
			isa = PBXFrameworksBuildPhase;
			buildActionMask = 2147483647;
			files = (
			);
			runOnlyForDeploymentPostprocessing = 0;
		};
		BD337A872A784025006735DC /* Frameworks */ = {
			isa = PBXFrameworksBuildPhase;
			buildActionMask = 2147483647;
			files = (
			);
			runOnlyForDeploymentPostprocessing = 0;
		};
/* End PBXFrameworksBuildPhase section */

/* Begin PBXGroup section */
		BD337A662A784023006735DC = {
			isa = PBXGroup;
			children = (
				BD337A712A784023006735DC /* Beeware */,
				BD337A832A784025006735DC /* BeewareTests */,
				BD337A8D2A784025006735DC /* BeewareUITests */,
				BD337A702A784023006735DC /* Products */,
			);
			sourceTree = "<group>";
		};
		BD337A702A784023006735DC /* Products */ = {
			isa = PBXGroup;
			children = (
				BD337A6F2A784023006735DC /* Beeware.app */,
				BD337A802A784025006735DC /* BeewareTests.xctest */,
				BD337A8A2A784025006735DC /* BeewareUITests.xctest */,
			);
			name = Products;
			sourceTree = "<group>";
		};
		BD337A712A784023006735DC /* Beeware */ = {
			isa = PBXGroup;
			children = (
				BD337A722A784023006735DC /* BeewareApp.swift */,
				BD337A742A784023006735DC /* ContentView.swift */,
				BD7BF0EC2A7983E70004A88A /* Handbook.swift */,
				BD7BF0EE2A7991960004A88A /* Map.swift */,
				BD7BF0F02A7991A50004A88A /* Games.swift */,
				BD337A762A784024006735DC /* Assets.xcassets */,
				BD337A782A784024006735DC /* Beeware.entitlements */,
				BD337A792A784024006735DC /* Preview Content */,
			);
			path = Beeware;
			sourceTree = "<group>";
		};
		BD337A792A784024006735DC /* Preview Content */ = {
			isa = PBXGroup;
			children = (
				BD337A7A2A784024006735DC /* Preview Assets.xcassets */,
			);
			path = "Preview Content";
			sourceTree = "<group>";
		};
		BD337A832A784025006735DC /* BeewareTests */ = {
			isa = PBXGroup;
			children = (
				BD337A842A784025006735DC /* BeewareTests.swift */,
			);
			path = BeewareTests;
			sourceTree = "<group>";
		};
		BD337A8D2A784025006735DC /* BeewareUITests */ = {
			isa = PBXGroup;
			children = (
				BD337A8E2A784025006735DC /* BeewareUITests.swift */,
				BD337A902A784025006735DC /* BeewareUITestsLaunchTests.swift */,
			);
			path = BeewareUITests;
			sourceTree = "<group>";
		};
/* End PBXGroup section */

/* Begin PBXNativeTarget section */
		BD337A6E2A784023006735DC /* Beeware */ = {
			isa = PBXNativeTarget;
			buildConfigurationList = BD337A942A784025006735DC /* Build configuration list for PBXNativeTarget "Beeware" */;
			buildPhases = (
				BD337A6B2A784023006735DC /* Sources */,
				BD337A6C2A784023006735DC /* Frameworks */,
				BD337A6D2A784023006735DC /* Resources */,
			);
			buildRules = (
			);
			dependencies = (
			);
			name = Beeware;
			productName = Beeware;
			productReference = BD337A6F2A784023006735DC /* Beeware.app */;
			productType = "com.apple.product-type.application";
		};
		BD337A7F2A784025006735DC /* BeewareTests */ = {
			isa = PBXNativeTarget;
			buildConfigurationList = BD337A972A784025006735DC /* Build configuration list for PBXNativeTarget "BeewareTests" */;
			buildPhases = (
				BD337A7C2A784025006735DC /* Sources */,
				BD337A7D2A784025006735DC /* Frameworks */,
				BD337A7E2A784025006735DC /* Resources */,
			);
			buildRules = (
			);
			dependencies = (
				BD337A822A784025006735DC /* PBXTargetDependency */,
			);
			name = BeewareTests;
			productName = BeewareTests;
			productReference = BD337A802A784025006735DC /* BeewareTests.xctest */;
			productType = "com.apple.product-type.bundle.unit-test";
		};
		BD337A892A784025006735DC /* BeewareUITests */ = {
			isa = PBXNativeTarget;
			buildConfigurationList = BD337A9A2A784025006735DC /* Build configuration list for PBXNativeTarget "BeewareUITests" */;
			buildPhases = (
				BD337A862A784025006735DC /* Sources */,
				BD337A872A784025006735DC /* Frameworks */,
				BD337A882A784025006735DC /* Resources */,
			);
			buildRules = (
			);
			dependencies = (
				BD337A8C2A784025006735DC /* PBXTargetDependency */,
			);
			name = BeewareUITests;
			productName = BeewareUITests;
			productReference = BD337A8A2A784025006735DC /* BeewareUITests.xctest */;
			productType = "com.apple.product-type.bundle.ui-testing";
		};
/* End PBXNativeTarget section */

/* Begin PBXProject section */
		BD337A672A784023006735DC /* Project object */ = {
			isa = PBXProject;
			attributes = {
				BuildIndependentTargetsInParallel = 1;
				LastSwiftUpdateCheck = 1430;
				LastUpgradeCheck = 1430;
				TargetAttributes = {
					BD337A6E2A784023006735DC = {
						CreatedOnToolsVersion = 14.3.1;
					};
					BD337A7F2A784025006735DC = {
						CreatedOnToolsVersion = 14.3.1;
						TestTargetID = BD337A6E2A784023006735DC;
					};
					BD337A892A784025006735DC = {
						CreatedOnToolsVersion = 14.3.1;
						TestTargetID = BD337A6E2A784023006735DC;
					};
				};
			};
			buildConfigurationList = BD337A6A2A784023006735DC /* Build configuration list for PBXProject "Beeware" */;
			compatibilityVersion = "Xcode 14.0";
			developmentRegion = en;
			hasScannedForEncodings = 0;
			knownRegions = (
				en,
				Base,
			);
			mainGroup = BD337A662A784023006735DC;
			productRefGroup = BD337A702A784023006735DC /* Products */;
			projectDirPath = "";
			projectRoot = "";
			targets = (
				BD337A6E2A784023006735DC /* Beeware */,
				BD337A7F2A784025006735DC /* BeewareTests */,
				BD337A892A784025006735DC /* BeewareUITests */,
			);
		};
/* End PBXProject section */

/* Begin PBXResourcesBuildPhase section */
		BD337A6D2A784023006735DC /* Resources */ = {
			isa = PBXResourcesBuildPhase;
			buildActionMask = 2147483647;
			files = (
				BD337A7B2A784024006735DC /* Preview Assets.xcassets in Resources */,
				BD337A772A784024006735DC /* Assets.xcassets in Resources */,
			);
			runOnlyForDeploymentPostprocessing = 0;
		};
		BD337A7E2A784025006735DC /* Resources */ = {
			isa = PBXResourcesBuildPhase;
			buildActionMask = 2147483647;
			files = (
			);
			runOnlyForDeploymentPostprocessing = 0;
		};
		BD337A882A784025006735DC /* Resources */ = {
			isa = PBXResourcesBuildPhase;
			buildActionMask = 2147483647;
			files = (
			);
			runOnlyForDeploymentPostprocessing = 0;
		};
/* End PBXResourcesBuildPhase section */

/* Begin PBXSourcesBuildPhase section */
		BD337A6B2A784023006735DC /* Sources */ = {
			isa = PBXSourcesBuildPhase;
			buildActionMask = 2147483647;
			files = (
				BD337A752A784023006735DC /* ContentView.swift in Sources */,
				BD337A732A784023006735DC /* BeewareApp.swift in Sources */,
				BD7BF0EF2A7991960004A88A /* Map.swift in Sources */,
				BD7BF0F12A7991A50004A88A /* Games.swift in Sources */,
				BD7BF0ED2A7983E70004A88A /* Handbook.swift in Sources */,
			);
			runOnlyForDeploymentPostprocessing = 0;
		};
		BD337A7C2A784025006735DC /* Sources */ = {
			isa = PBXSourcesBuildPhase;
			buildActionMask = 2147483647;
			files = (
				BD337A852A784025006735DC /* BeewareTests.swift in Sources */,
			);
			runOnlyForDeploymentPostprocessing = 0;
		};
		BD337A862A784025006735DC /* Sources */ = {
			isa = PBXSourcesBuildPhase;
			buildActionMask = 2147483647;
			files = (
				BD337A912A784025006735DC /* BeewareUITestsLaunchTests.swift in Sources */,
				BD337A8F2A784025006735DC /* BeewareUITests.swift in Sources */,
			);
			runOnlyForDeploymentPostprocessing = 0;
		};
/* End PBXSourcesBuildPhase section */

/* Begin PBXTargetDependency section */
		BD337A822A784025006735DC /* PBXTargetDependency */ = {
			isa = PBXTargetDependency;
			target = BD337A6E2A784023006735DC /* Beeware */;
			targetProxy = BD337A812A784025006735DC /* PBXContainerItemProxy */;
		};
		BD337A8C2A784025006735DC /* PBXTargetDependency */ = {
			isa = PBXTargetDependency;
			target = BD337A6E2A784023006735DC /* Beeware */;
			targetProxy = BD337A8B2A784025006735DC /* PBXContainerItemProxy */;
		};
/* End PBXTargetDependency section */

/* Begin XCBuildConfiguration section */
		BD337A922A784025006735DC /* Debug */ = {
			isa = XCBuildConfiguration;
			buildSettings = {
				ALWAYS_SEARCH_USER_PATHS = NO;
				CLANG_ANALYZER_NONNULL = YES;
				CLANG_ANALYZER_NUMBER_OBJECT_CONVERSION = YES_AGGRESSIVE;
				CLANG_CXX_LANGUAGE_STANDARD = "gnu++20";
				CLANG_ENABLE_MODULES = YES;
				CLANG_ENABLE_OBJC_ARC = YES;
				CLANG_ENABLE_OBJC_WEAK = YES;
				CLANG_WARN_BLOCK_CAPTURE_AUTORELEASING = YES;
				CLANG_WARN_BOOL_CONVERSION = YES;
				CLANG_WARN_COMMA = YES;
				CLANG_WARN_CONSTANT_CONVERSION = YES;
				CLANG_WARN_DEPRECATED_OBJC_IMPLEMENTATIONS = YES;
				CLANG_WARN_DIRECT_OBJC_ISA_USAGE = YES_ERROR;
				CLANG_WARN_DOCUMENTATION_COMMENTS = YES;
				CLANG_WARN_EMPTY_BODY = YES;
				CLANG_WARN_ENUM_CONVERSION = YES;
				CLANG_WARN_INFINITE_RECURSION = YES;
				CLANG_WARN_INT_CONVERSION = YES;
				CLANG_WARN_NON_LITERAL_NULL_CONVERSION = YES;
				CLANG_WARN_OBJC_IMPLICIT_RETAIN_SELF = YES;
				CLANG_WARN_OBJC_LITERAL_CONVERSION = YES;
				CLANG_WARN_OBJC_ROOT_CLASS = YES_ERROR;
				CLANG_WARN_QUOTED_INCLUDE_IN_FRAMEWORK_HEADER = YES;
				CLANG_WARN_RANGE_LOOP_ANALYSIS = YES;
				CLANG_WARN_STRICT_PROTOTYPES = YES;
				CLANG_WARN_SUSPICIOUS_MOVE = YES;
				CLANG_WARN_UNGUARDED_AVAILABILITY = YES_AGGRESSIVE;
				CLANG_WARN_UNREACHABLE_CODE = YES;
				CLANG_WARN__DUPLICATE_METHOD_MATCH = YES;
				COPY_PHASE_STRIP = NO;
				DEBUG_INFORMATION_FORMAT = dwarf;
				ENABLE_STRICT_OBJC_MSGSEND = YES;
				ENABLE_TESTABILITY = YES;
				GCC_C_LANGUAGE_STANDARD = gnu11;
				GCC_DYNAMIC_NO_PIC = NO;
				GCC_NO_COMMON_BLOCKS = YES;
				GCC_OPTIMIZATION_LEVEL = 0;
				GCC_PREPROCESSOR_DEFINITIONS = (
					"DEBUG=1",
					"$(inherited)",
				);
				GCC_WARN_64_TO_32_BIT_CONVERSION = YES;
				GCC_WARN_ABOUT_RETURN_TYPE = YES_ERROR;
				GCC_WARN_UNDECLARED_SELECTOR = YES;
				GCC_WARN_UNINITIALIZED_AUTOS = YES_AGGRESSIVE;
				GCC_WARN_UNUSED_FUNCTION = YES;
				GCC_WARN_UNUSED_VARIABLE = YES;
				MTL_ENABLE_DEBUG_INFO = INCLUDE_SOURCE;
				MTL_FAST_MATH = YES;
				ONLY_ACTIVE_ARCH = YES;
				SWIFT_ACTIVE_COMPILATION_CONDITIONS = DEBUG;
				SWIFT_OPTIMIZATION_LEVEL = "-Onone";
			};
			name = Debug;
		};
		BD337A932A784025006735DC /* Release */ = {
			isa = XCBuildConfiguration;
			buildSettings = {
				ALWAYS_SEARCH_USER_PATHS = NO;
				CLANG_ANALYZER_NONNULL = YES;
				CLANG_ANALYZER_NUMBER_OBJECT_CONVERSION = YES_AGGRESSIVE;
				CLANG_CXX_LANGUAGE_STANDARD = "gnu++20";
				CLANG_ENABLE_MODULES = YES;
				CLANG_ENABLE_OBJC_ARC = YES;
				CLANG_ENABLE_OBJC_WEAK = YES;
				CLANG_WARN_BLOCK_CAPTURE_AUTORELEASING = YES;
				CLANG_WARN_BOOL_CONVERSION = YES;
				CLANG_WARN_COMMA = YES;
				CLANG_WARN_CONSTANT_CONVERSION = YES;
				CLANG_WARN_DEPRECATED_OBJC_IMPLEMENTATIONS = YES;
				CLANG_WARN_DIRECT_OBJC_ISA_USAGE = YES_ERROR;
				CLANG_WARN_DOCUMENTATION_COMMENTS = YES;
				CLANG_WARN_EMPTY_BODY = YES;
				CLANG_WARN_ENUM_CONVERSION = YES;
				CLANG_WARN_INFINITE_RECURSION = YES;
				CLANG_WARN_INT_CONVERSION = YES;
				CLANG_WARN_NON_LITERAL_NULL_CONVERSION = YES;
				CLANG_WARN_OBJC_IMPLICIT_RETAIN_SELF = YES;
				CLANG_WARN_OBJC_LITERAL_CONVERSION = YES;
				CLANG_WARN_OBJC_ROOT_CLASS = YES_ERROR;
				CLANG_WARN_QUOTED_INCLUDE_IN_FRAMEWORK_HEADER = YES;
				CLANG_WARN_RANGE_LOOP_ANALYSIS = YES;
				CLANG_WARN_STRICT_PROTOTYPES = YES;
				CLANG_WARN_SUSPICIOUS_MOVE = YES;
				CLANG_WARN_UNGUARDED_AVAILABILITY = YES_AGGRESSIVE;
				CLANG_WARN_UNREACHABLE_CODE = YES;
				CLANG_WARN__DUPLICATE_METHOD_MATCH = YES;
				COPY_PHASE_STRIP = NO;
				DEBUG_INFORMATION_FORMAT = "dwarf-with-dsym";
				ENABLE_NS_ASSERTIONS = NO;
				ENABLE_STRICT_OBJC_MSGSEND = YES;
				GCC_C_LANGUAGE_STANDARD = gnu11;
				GCC_NO_COMMON_BLOCKS = YES;
				GCC_WARN_64_TO_32_BIT_CONVERSION = YES;
				GCC_WARN_ABOUT_RETURN_TYPE = YES_ERROR;
				GCC_WARN_UNDECLARED_SELECTOR = YES;
				GCC_WARN_UNINITIALIZED_AUTOS = YES_AGGRESSIVE;
				GCC_WARN_UNUSED_FUNCTION = YES;
				GCC_WARN_UNUSED_VARIABLE = YES;
				MTL_ENABLE_DEBUG_INFO = NO;
				MTL_FAST_MATH = YES;
				SWIFT_COMPILATION_MODE = wholemodule;
				SWIFT_OPTIMIZATION_LEVEL = "-O";
			};
			name = Release;
		};
		BD337A952A784025006735DC /* Debug */ = {
			isa = XCBuildConfiguration;
			buildSettings = {
				ASSETCATALOG_COMPILER_APPICON_NAME = AppIcon;
				ASSETCATALOG_COMPILER_GLOBAL_ACCENT_COLOR_NAME = AccentColor;
				CODE_SIGN_ENTITLEMENTS = Beeware/Beeware.entitlements;
				CODE_SIGN_STYLE = Automatic;
				CURRENT_PROJECT_VERSION = 1;
				DEVELOPMENT_ASSET_PATHS = "\"Beeware/Preview Content\"";
				ENABLE_PREVIEWS = YES;
				GENERATE_INFOPLIST_FILE = YES;
				"INFOPLIST_KEY_UIApplicationSceneManifest_Generation[sdk=iphoneos*]" = YES;
				"INFOPLIST_KEY_UIApplicationSceneManifest_Generation[sdk=iphonesimulator*]" = YES;
				"INFOPLIST_KEY_UIApplicationSupportsIndirectInputEvents[sdk=iphoneos*]" = YES;
				"INFOPLIST_KEY_UIApplicationSupportsIndirectInputEvents[sdk=iphonesimulator*]" = YES;
				"INFOPLIST_KEY_UILaunchScreen_Generation[sdk=iphoneos*]" = YES;
				"INFOPLIST_KEY_UILaunchScreen_Generation[sdk=iphonesimulator*]" = YES;
				"INFOPLIST_KEY_UIStatusBarStyle[sdk=iphoneos*]" = UIStatusBarStyleDefault;
				"INFOPLIST_KEY_UIStatusBarStyle[sdk=iphonesimulator*]" = UIStatusBarStyleDefault;
				INFOPLIST_KEY_UISupportedInterfaceOrientations_iPad = "UIInterfaceOrientationPortrait UIInterfaceOrientationPortraitUpsideDown UIInterfaceOrientationLandscapeLeft UIInterfaceOrientationLandscapeRight";
				INFOPLIST_KEY_UISupportedInterfaceOrientations_iPhone = "UIInterfaceOrientationPortrait UIInterfaceOrientationLandscapeLeft UIInterfaceOrientationLandscapeRight";
				IPHONEOS_DEPLOYMENT_TARGET = 16.4;
				LD_RUNPATH_SEARCH_PATHS = "@executable_path/Frameworks";
				"LD_RUNPATH_SEARCH_PATHS[sdk=macosx*]" = "@executable_path/../Frameworks";
				MACOSX_DEPLOYMENT_TARGET = 13.3;
				MARKETING_VERSION = 1.0;
				PRODUCT_BUNDLE_IDENTIFIER = KWK.Beeware;
				PRODUCT_NAME = "$(TARGET_NAME)";
				SDKROOT = auto;
				SUPPORTED_PLATFORMS = "iphoneos iphonesimulator macosx";
				SWIFT_EMIT_LOC_STRINGS = YES;
				SWIFT_VERSION = 5.0;
				TARGETED_DEVICE_FAMILY = "1,2";
			};
			name = Debug;
		};
		BD337A962A784025006735DC /* Release */ = {
			isa = XCBuildConfiguration;
			buildSettings = {
				ASSETCATALOG_COMPILER_APPICON_NAME = AppIcon;
				ASSETCATALOG_COMPILER_GLOBAL_ACCENT_COLOR_NAME = AccentColor;
				CODE_SIGN_ENTITLEMENTS = Beeware/Beeware.entitlements;
				CODE_SIGN_STYLE = Automatic;
				CURRENT_PROJECT_VERSION = 1;
				DEVELOPMENT_ASSET_PATHS = "\"Beeware/Preview Content\"";
				ENABLE_PREVIEWS = YES;
				GENERATE_INFOPLIST_FILE = YES;
				"INFOPLIST_KEY_UIApplicationSceneManifest_Generation[sdk=iphoneos*]" = YES;
				"INFOPLIST_KEY_UIApplicationSceneManifest_Generation[sdk=iphonesimulator*]" = YES;
				"INFOPLIST_KEY_UIApplicationSupportsIndirectInputEvents[sdk=iphoneos*]" = YES;
				"INFOPLIST_KEY_UIApplicationSupportsIndirectInputEvents[sdk=iphonesimulator*]" = YES;
				"INFOPLIST_KEY_UILaunchScreen_Generation[sdk=iphoneos*]" = YES;
				"INFOPLIST_KEY_UILaunchScreen_Generation[sdk=iphonesimulator*]" = YES;
				"INFOPLIST_KEY_UIStatusBarStyle[sdk=iphoneos*]" = UIStatusBarStyleDefault;
				"INFOPLIST_KEY_UIStatusBarStyle[sdk=iphonesimulator*]" = UIStatusBarStyleDefault;
				INFOPLIST_KEY_UISupportedInterfaceOrientations_iPad = "UIInterfaceOrientationPortrait UIInterfaceOrientationPortraitUpsideDown UIInterfaceOrientationLandscapeLeft UIInterfaceOrientationLandscapeRight";
				INFOPLIST_KEY_UISupportedInterfaceOrientations_iPhone = "UIInterfaceOrientationPortrait UIInterfaceOrientationLandscapeLeft UIInterfaceOrientationLandscapeRight";
				IPHONEOS_DEPLOYMENT_TARGET = 16.4;
				LD_RUNPATH_SEARCH_PATHS = "@executable_path/Frameworks";
				"LD_RUNPATH_SEARCH_PATHS[sdk=macosx*]" = "@executable_path/../Frameworks";
				MACOSX_DEPLOYMENT_TARGET = 13.3;
				MARKETING_VERSION = 1.0;
				PRODUCT_BUNDLE_IDENTIFIER = KWK.Beeware;
				PRODUCT_NAME = "$(TARGET_NAME)";
				SDKROOT = auto;
				SUPPORTED_PLATFORMS = "iphoneos iphonesimulator macosx";
				SWIFT_EMIT_LOC_STRINGS = YES;
				SWIFT_VERSION = 5.0;
				TARGETED_DEVICE_FAMILY = "1,2";
			};
			name = Release;
		};
		BD337A982A784025006735DC /* Debug */ = {
			isa = XCBuildConfiguration;
			buildSettings = {
				ALWAYS_EMBED_SWIFT_STANDARD_LIBRARIES = YES;
				BUNDLE_LOADER = "$(TEST_HOST)";
				CODE_SIGN_STYLE = Automatic;
				CURRENT_PROJECT_VERSION = 1;
				GENERATE_INFOPLIST_FILE = YES;
				IPHONEOS_DEPLOYMENT_TARGET = 16.4;
				MACOSX_DEPLOYMENT_TARGET = 13.3;
				MARKETING_VERSION = 1.0;
				PRODUCT_BUNDLE_IDENTIFIER = KWK.BeewareTests;
				PRODUCT_NAME = "$(TARGET_NAME)";
				SDKROOT = auto;
				SUPPORTED_PLATFORMS = "iphoneos iphonesimulator macosx";
				SWIFT_EMIT_LOC_STRINGS = NO;
				SWIFT_VERSION = 5.0;
				TARGETED_DEVICE_FAMILY = "1,2";
				TEST_HOST = "$(BUILT_PRODUCTS_DIR)/Beeware.app/$(BUNDLE_EXECUTABLE_FOLDER_PATH)/Beeware";
			};
			name = Debug;
		};
		BD337A992A784025006735DC /* Release */ = {
			isa = XCBuildConfiguration;
			buildSettings = {
				ALWAYS_EMBED_SWIFT_STANDARD_LIBRARIES = YES;
				BUNDLE_LOADER = "$(TEST_HOST)";
				CODE_SIGN_STYLE = Automatic;
				CURRENT_PROJECT_VERSION = 1;
				GENERATE_INFOPLIST_FILE = YES;
				IPHONEOS_DEPLOYMENT_TARGET = 16.4;
				MACOSX_DEPLOYMENT_TARGET = 13.3;
				MARKETING_VERSION = 1.0;
				PRODUCT_BUNDLE_IDENTIFIER = KWK.BeewareTests;
				PRODUCT_NAME = "$(TARGET_NAME)";
				SDKROOT = auto;
				SUPPORTED_PLATFORMS = "iphoneos iphonesimulator macosx";
				SWIFT_EMIT_LOC_STRINGS = NO;
				SWIFT_VERSION = 5.0;
				TARGETED_DEVICE_FAMILY = "1,2";
				TEST_HOST = "$(BUILT_PRODUCTS_DIR)/Beeware.app/$(BUNDLE_EXECUTABLE_FOLDER_PATH)/Beeware";
			};
			name = Release;
		};
		BD337A9B2A784025006735DC /* Debug */ = {
			isa = XCBuildConfiguration;
			buildSettings = {
				ALWAYS_EMBED_SWIFT_STANDARD_LIBRARIES = YES;
				CODE_SIGN_STYLE = Automatic;
				CURRENT_PROJECT_VERSION = 1;
				GENERATE_INFOPLIST_FILE = YES;
				IPHONEOS_DEPLOYMENT_TARGET = 16.4;
				MACOSX_DEPLOYMENT_TARGET = 13.3;
				MARKETING_VERSION = 1.0;
				PRODUCT_BUNDLE_IDENTIFIER = KWK.BeewareUITests;
				PRODUCT_NAME = "$(TARGET_NAME)";
				SDKROOT = auto;
				SUPPORTED_PLATFORMS = "iphoneos iphonesimulator macosx";
				SWIFT_EMIT_LOC_STRINGS = NO;
				SWIFT_VERSION = 5.0;
				TARGETED_DEVICE_FAMILY = "1,2";
				TEST_TARGET_NAME = Beeware;
			};
			name = Debug;
		};
		BD337A9C2A784025006735DC /* Release */ = {
			isa = XCBuildConfiguration;
			buildSettings = {
				ALWAYS_EMBED_SWIFT_STANDARD_LIBRARIES = YES;
				CODE_SIGN_STYLE = Automatic;
				CURRENT_PROJECT_VERSION = 1;
				GENERATE_INFOPLIST_FILE = YES;
				IPHONEOS_DEPLOYMENT_TARGET = 16.4;
				MACOSX_DEPLOYMENT_TARGET = 13.3;
				MARKETING_VERSION = 1.0;
				PRODUCT_BUNDLE_IDENTIFIER = KWK.BeewareUITests;
				PRODUCT_NAME = "$(TARGET_NAME)";
				SDKROOT = auto;
				SUPPORTED_PLATFORMS = "iphoneos iphonesimulator macosx";
				SWIFT_EMIT_LOC_STRINGS = NO;
				SWIFT_VERSION = 5.0;
				TARGETED_DEVICE_FAMILY = "1,2";
				TEST_TARGET_NAME = Beeware;
			};
			name = Release;
		};
/* End XCBuildConfiguration section */

/* Begin XCConfigurationList section */
		BD337A6A2A784023006735DC /* Build configuration list for PBXProject "Beeware" */ = {
			isa = XCConfigurationList;
			buildConfigurations = (
				BD337A922A784025006735DC /* Debug */,
				BD337A932A784025006735DC /* Release */,
			);
			defaultConfigurationIsVisible = 0;
			defaultConfigurationName = Release;
		};
		BD337A942A784025006735DC /* Build configuration list for PBXNativeTarget "Beeware" */ = {
			isa = XCConfigurationList;
			buildConfigurations = (
				BD337A952A784025006735DC /* Debug */,
				BD337A962A784025006735DC /* Release */,
			);
			defaultConfigurationIsVisible = 0;
			defaultConfigurationName = Release;
		};
		BD337A972A784025006735DC /* Build configuration list for PBXNativeTarget "BeewareTests" */ = {
			isa = XCConfigurationList;
			buildConfigurations = (
				BD337A982A784025006735DC /* Debug */,
				BD337A992A784025006735DC /* Release */,
			);
			defaultConfigurationIsVisible = 0;
			defaultConfigurationName = Release;
		};
		BD337A9A2A784025006735DC /* Build configuration list for PBXNativeTarget "BeewareUITests" */ = {
			isa = XCConfigurationList;
			buildConfigurations = (
				BD337A9B2A784025006735DC /* Debug */,
				BD337A9C2A784025006735DC /* Release */,
			);
			defaultConfigurationIsVisible = 0;
			defaultConfigurationName = Release;
		};
/* End XCConfigurationList section */
	};
	rootObject = BD337A672A784023006735DC /* Project object */;
}
